
Microsoft Visual Studio Solution File, Format Version 12.00
# Visual Studio 15
VisualStudioVersion = 15.0.28307.421
MinimumVisualStudioVersion = 10.0.40219.1
Project("{F184B08F-C81C-45F6-A57F-5ABD9991F28F}") = "ΚΑΤΑΓΡΑΦΗ ΠΑΡΑΓΩΓΗΣ", "ΚΑΤΑΓΡΑΦΗ ΠΑΡΑΓΩΓΗΣ\ΚΑΤΑΓΡΑΦΗ ΠΑΡΑΓΩΓΗΣ.vbproj", "{D735AE4F-FE19-44AE-B457-4BD2EE71EBDD}"
EndProject
Global
	GlobalSection(SolutionConfigurationPlatforms) = preSolution
		Debug|Any CPU = Debug|Any CPU
		Release|Any CPU = Release|Any CPU
	EndGlobalSection
	GlobalSection(ProjectConfigurationPlatforms) = postSolution
		{D735AE4F-FE19-44AE-B457-4BD2EE71EBDD}.Debug|Any CPU.ActiveCfg = Debug|Any CPU
		{D735AE4F-FE19-44AE-B457-4BD2EE71EBDD}.Debug|Any CPU.Build.0 = Debug|Any CPU
		{D735AE4F-FE19-44AE-B457-4BD2EE71EBDD}.Release|Any CPU.ActiveCfg = Release|Any CPU
		{D735AE4F-FE19-44AE-B457-4BD2EE71EBDD}.Release|Any CPU.Build.0 = Release|Any CPU
	EndGlobalSection
	GlobalSection(SolutionProperties) = preSolution
		HideSolutionNode = FALSE
	EndGlobalSection
	GlobalSection(ExtensibilityGlobals) = postSolution
		SolutionGuid = {907F2C35-A8BA-47BC-A3F4-66B8095B3800}
	EndGlobalSection
EndGlobal
